version = 1
requires-python = ">=3.10"

[[package]]
name = "black"
version = "24.10.0"
source = { registry = "https://pypi.org/simple" }
dependencies = [
    { name = "click" },
    { name = "mypy-extensions" },
    { name = "packaging" },
    { name = "pathspec" },
    { name = "platformdirs" },
    { name = "tomli", marker = "python_full_version < '3.11'" },
    { name = "typing-extensions", marker = "python_full_version < '3.11'" },
]
sdist = { url = "https://files.pythonhosted.org/packages/d8/0d/cc2fb42b8c50d80143221515dd7e4766995bd07c56c9a3ed30baf080b6dc/black-24.10.0.tar.gz", hash = "sha256:846ea64c97afe3bc677b761787993be4991810ecc7a4a937816dd6bddedc4875", size = 645813 }
wheels = [
    { url = "https://files.pythonhosted.org/packages/a3/f3/465c0eb5cddf7dbbfe1fecd9b875d1dcf51b88923cd2c1d7e9ab95c6336b/black-24.10.0-cp310-cp310-macosx_10_9_x86_64.whl", hash = "sha256:e6668650ea4b685440857138e5fe40cde4d652633b1bdffc62933d0db4ed9812", size = 1623211 },
    { url = "https://files.pythonhosted.org/packages/df/57/b6d2da7d200773fdfcc224ffb87052cf283cec4d7102fab450b4a05996d8/black-24.10.0-cp310-cp310-macosx_11_0_arm64.whl", hash = "sha256:1c536fcf674217e87b8cc3657b81809d3c085d7bf3ef262ead700da345bfa6ea", size = 1457139 },
    { url = "https://files.pythonhosted.org/packages/6e/c5/9023b7673904a5188f9be81f5e129fff69f51f5515655fbd1d5a4e80a47b/black-24.10.0-cp310-cp310-manylinux_2_17_x86_64.manylinux2014_x86_64.manylinux_2_28_x86_64.whl", hash = "sha256:649fff99a20bd06c6f727d2a27f401331dc0cc861fb69cde910fe95b01b5928f", size = 1753774 },
    { url = "https://files.pythonhosted.org/packages/e1/32/df7f18bd0e724e0d9748829765455d6643ec847b3f87e77456fc99d0edab/black-24.10.0-cp310-cp310-win_amd64.whl", hash = "sha256:fe4d6476887de70546212c99ac9bd803d90b42fc4767f058a0baa895013fbb3e", size = 1414209 },
    { url = "https://files.pythonhosted.org/packages/c2/cc/7496bb63a9b06a954d3d0ac9fe7a73f3bf1cd92d7a58877c27f4ad1e9d41/black-24.10.0-cp311-cp311-macosx_10_9_x86_64.whl", hash = "sha256:5a2221696a8224e335c28816a9d331a6c2ae15a2ee34ec857dcf3e45dbfa99ad", size = 1607468 },
    { url = "https://files.pythonhosted.org/packages/2b/e3/69a738fb5ba18b5422f50b4f143544c664d7da40f09c13969b2fd52900e0/black-24.10.0-cp311-cp311-macosx_11_0_arm64.whl", hash = "sha256:f9da3333530dbcecc1be13e69c250ed8dfa67f43c4005fb537bb426e19200d50", size = 1437270 },
    { url = "https://files.pythonhosted.org/packages/c9/9b/2db8045b45844665c720dcfe292fdaf2e49825810c0103e1191515fc101a/black-24.10.0-cp311-cp311-manylinux_2_17_x86_64.manylinux2014_x86_64.manylinux_2_28_x86_64.whl", hash = "sha256:4007b1393d902b48b36958a216c20c4482f601569d19ed1df294a496eb366392", size = 1737061 },
    { url = "https://files.pythonhosted.org/packages/a3/95/17d4a09a5be5f8c65aa4a361444d95edc45def0de887810f508d3f65db7a/black-24.10.0-cp311-cp311-win_amd64.whl", hash = "sha256:394d4ddc64782e51153eadcaaca95144ac4c35e27ef9b0a42e121ae7e57a9175", size = 1423293 },
    { url = "https://files.pythonhosted.org/packages/90/04/bf74c71f592bcd761610bbf67e23e6a3cff824780761f536512437f1e655/black-24.10.0-cp312-cp312-macosx_10_13_x86_64.whl", hash = "sha256:b5e39e0fae001df40f95bd8cc36b9165c5e2ea88900167bddf258bacef9bbdc3", size = 1644256 },
    { url = "https://files.pythonhosted.org/packages/4c/ea/a77bab4cf1887f4b2e0bce5516ea0b3ff7d04ba96af21d65024629afedb6/black-24.10.0-cp312-cp312-macosx_11_0_arm64.whl", hash = "sha256:d37d422772111794b26757c5b55a3eade028aa3fde43121ab7b673d050949d65", size = 1448534 },
    { url = "https://files.pythonhosted.org/packages/4e/3e/443ef8bc1fbda78e61f79157f303893f3fddf19ca3c8989b163eb3469a12/black-24.10.0-cp312-cp312-manylinux_2_17_x86_64.manylinux2014_x86_64.manylinux_2_28_x86_64.whl", hash = "sha256:14b3502784f09ce2443830e3133dacf2c0110d45191ed470ecb04d0f5f6fcb0f", size = 1761892 },
    { url = "https://files.pythonhosted.org/packages/52/93/eac95ff229049a6901bc84fec6908a5124b8a0b7c26ea766b3b8a5debd22/black-24.10.0-cp312-cp312-win_amd64.whl", hash = "sha256:30d2c30dc5139211dda799758559d1b049f7f14c580c409d6ad925b74a4208a8", size = 1434796 },
    { url = "https://files.pythonhosted.org/packages/d0/a0/a993f58d4ecfba035e61fca4e9f64a2ecae838fc9f33ab798c62173ed75c/black-24.10.0-cp313-cp313-macosx_10_13_x86_64.whl", hash = "sha256:1cbacacb19e922a1d75ef2b6ccaefcd6e93a2c05ede32f06a21386a04cedb981", size = 1643986 },
    { url = "https://files.pythonhosted.org/packages/37/d5/602d0ef5dfcace3fb4f79c436762f130abd9ee8d950fa2abdbf8bbc555e0/black-24.10.0-cp313-cp313-macosx_11_0_arm64.whl", hash = "sha256:1f93102e0c5bb3907451063e08b9876dbeac810e7da5a8bfb7aeb5a9ef89066b", size = 1448085 },
    { url = "https://files.pythonhosted.org/packages/47/6d/a3a239e938960df1a662b93d6230d4f3e9b4a22982d060fc38c42f45a56b/black-24.10.0-cp313-cp313-manylinux_2_17_x86_64.manylinux2014_x86_64.manylinux_2_28_x86_64.whl", hash = "sha256:ddacb691cdcdf77b96f549cf9591701d8db36b2f19519373d60d31746068dbf2", size = 1760928 },
    { url = "https://files.pythonhosted.org/packages/dd/cf/af018e13b0eddfb434df4d9cd1b2b7892bab119f7a20123e93f6910982e8/black-24.10.0-cp313-cp313-win_amd64.whl", hash = "sha256:680359d932801c76d2e9c9068d05c6b107f2584b2a5b88831c83962eb9984c1b", size = 1436875 },
    { url = "https://files.pythonhosted.org/packages/8d/a7/4b27c50537ebca8bec139b872861f9d2bf501c5ec51fcf897cb924d9e264/black-24.10.0-py3-none-any.whl", hash = "sha256:3bb2b7a1f7b685f85b11fed1ef10f8a9148bceb49853e47a294a3dd963c1dd7d", size = 206898 },
]

[[package]]
name = "circuitpython-stubs"
version = "9.1.4"
source = { registry = "https://pypi.org/simple" }
sdist = { url = "https://files.pythonhosted.org/packages/04/fa/eb4ccfe56660f9a2238567c69ece47689eeb63d442ff331661bc82464133/circuitpython_stubs-9.1.4.tar.gz", hash = "sha256:49cb3546c31340c9a664135d685ff06cb0e41e6f60c9c61b1342dd6259f8fa6f", size = 309612 }
wheels = [
    { url = "https://files.pythonhosted.org/packages/67/54/6ba54b8d28c8f5126098bbd696b1c6eaae027c379c0fc85d6d39d23db2a8/circuitpython_stubs-9.1.4-py3-none-any.whl", hash = "sha256:5429561165a13711033075461c226a0fbed1c5abd892d1ba02c23f42ae65feaf", size = 876394 },
]

[[package]]
name = "click"
version = "8.1.7"
source = { registry = "https://pypi.org/simple" }
dependencies = [
    { name = "colorama", marker = "platform_system == 'Windows'" },
]
sdist = { url = "https://files.pythonhosted.org/packages/96/d3/f04c7bfcf5c1862a2a5b845c6b2b360488cf47af55dfa79c98f6a6bf98b5/click-8.1.7.tar.gz", hash = "sha256:ca9853ad459e787e2192211578cc907e7594e294c7ccc834310722b41b9ca6de", size = 336121 }
wheels = [
    { url = "https://files.pythonhosted.org/packages/00/2e/d53fa4befbf2cfa713304affc7ca780ce4fc1fd8710527771b58311a3229/click-8.1.7-py3-none-any.whl", hash = "sha256:ae74fb96c20a0277a1d615f1e4d73c8414f5a98db8b799a7931d1582f3390c28", size = 97941 },
]

[[package]]
name = "colorama"
version = "0.4.6"
source = { registry = "https://pypi.org/simple" }
sdist = { url = "https://files.pythonhosted.org/packages/d8/53/6f443c9a4a8358a93a6792e2acffb9d9d5cb0a5cfd8802644b7b1c9a02e4/colorama-0.4.6.tar.gz", hash = "sha256:08695f5cb7ed6e0531a20572697297273c47b8cae5a63ffc6d6ed5c201be6e44", size = 27697 }
wheels = [
    { url = "https://files.pythonhosted.org/packages/d1/d6/3965ed04c63042e047cb6a3e6ed1a63a35087b6a609aa3a15ed8ac56c221/colorama-0.4.6-py2.py3-none-any.whl", hash = "sha256:4f1d9991f5acc0ca119f9d443620b77f9d6b33703e51011c16baf57afb285fc6", size = 25335 },
]

[[package]]
name = "exceptiongroup"
version = "1.2.2"
source = { registry = "https://pypi.org/simple" }
sdist = { url = "https://files.pythonhosted.org/packages/09/35/2495c4ac46b980e4ca1f6ad6db102322ef3ad2410b79fdde159a4b0f3b92/exceptiongroup-1.2.2.tar.gz", hash = "sha256:47c2edf7c6738fafb49fd34290706d1a1a2f4d1c6df275526b62cbb4aa5393cc", size = 28883 }
wheels = [
    { url = "https://files.pythonhosted.org/packages/02/cc/b7e31358aac6ed1ef2bb790a9746ac2c69bcb3c8588b41616914eb106eaf/exceptiongroup-1.2.2-py3-none-any.whl", hash = "sha256:3111b9d131c238bec2f8f516e123e14ba243563fb135d3fe885990585aa7795b", size = 16453 },
]

[[package]]
name = "iniconfig"
version = "2.0.0"
source = { registry = "https://pypi.org/simple" }
sdist = { url = "https://files.pythonhosted.org/packages/d7/4b/cbd8e699e64a6f16ca3a8220661b5f83792b3017d0f79807cb8708d33913/iniconfig-2.0.0.tar.gz", hash = "sha256:2d91e135bf72d31a410b17c16da610a82cb55f6b0477d1a902134b24a455b8b3", size = 4646 }
wheels = [
    { url = "https://files.pythonhosted.org/packages/ef/a6/62565a6e1cf69e10f5727360368e451d4b7f58beeac6173dc9db836a5b46/iniconfig-2.0.0-py3-none-any.whl", hash = "sha256:b6a85871a79d2e3b22d2d1b94ac2824226a63c6b741c88f7ae975f18b6778374", size = 5892 },
]

[[package]]
name = "mypy"
version = "1.11.2"
source = { registry = "https://pypi.org/simple" }
dependencies = [
    { name = "mypy-extensions" },
    { name = "tomli", marker = "python_full_version < '3.11'" },
    { name = "typing-extensions" },
]
sdist = { url = "https://files.pythonhosted.org/packages/5c/86/5d7cbc4974fd564550b80fbb8103c05501ea11aa7835edf3351d90095896/mypy-1.11.2.tar.gz", hash = "sha256:7f9993ad3e0ffdc95c2a14b66dee63729f021968bff8ad911867579c65d13a79", size = 3078806 }
wheels = [
    { url = "https://files.pythonhosted.org/packages/78/cd/815368cd83c3a31873e5e55b317551500b12f2d1d7549720632f32630333/mypy-1.11.2-cp310-cp310-macosx_10_9_x86_64.whl", hash = "sha256:d42a6dd818ffce7be66cce644f1dff482f1d97c53ca70908dff0b9ddc120b77a", size = 10939401 },
    { url = "https://files.pythonhosted.org/packages/f1/27/e18c93a195d2fad75eb96e1f1cbc431842c332e8eba2e2b77eaf7313c6b7/mypy-1.11.2-cp310-cp310-macosx_11_0_arm64.whl", hash = "sha256:801780c56d1cdb896eacd5619a83e427ce436d86a3bdf9112527f24a66618fef", size = 10111697 },
    { url = "https://files.pythonhosted.org/packages/dc/08/cdc1fc6d0d5a67d354741344cc4aa7d53f7128902ebcbe699ddd4f15a61c/mypy-1.11.2-cp310-cp310-manylinux_2_17_x86_64.manylinux2014_x86_64.manylinux_2_28_x86_64.whl", hash = "sha256:41ea707d036a5307ac674ea172875f40c9d55c5394f888b168033177fce47383", size = 12500508 },
    { url = "https://files.pythonhosted.org/packages/64/12/aad3af008c92c2d5d0720ea3b6674ba94a98cdb86888d389acdb5f218c30/mypy-1.11.2-cp310-cp310-musllinux_1_1_x86_64.whl", hash = "sha256:6e658bd2d20565ea86da7d91331b0eed6d2eee22dc031579e6297f3e12c758c8", size = 13020712 },
    { url = "https://files.pythonhosted.org/packages/03/e6/a7d97cc124a565be5e9b7d5c2a6ebf082379ffba99646e4863ed5bbcb3c3/mypy-1.11.2-cp310-cp310-win_amd64.whl", hash = "sha256:478db5f5036817fe45adb7332d927daa62417159d49783041338921dcf646fc7", size = 9567319 },
    { url = "https://files.pythonhosted.org/packages/e2/aa/cc56fb53ebe14c64f1fe91d32d838d6f4db948b9494e200d2f61b820b85d/mypy-1.11.2-cp311-cp311-macosx_10_9_x86_64.whl", hash = "sha256:75746e06d5fa1e91bfd5432448d00d34593b52e7e91a187d981d08d1f33d4385", size = 10859630 },
    { url = "https://files.pythonhosted.org/packages/04/c8/b19a760fab491c22c51975cf74e3d253b8c8ce2be7afaa2490fbf95a8c59/mypy-1.11.2-cp311-cp311-macosx_11_0_arm64.whl", hash = "sha256:a976775ab2256aadc6add633d44f100a2517d2388906ec4f13231fafbb0eccca", size = 10037973 },
    { url = "https://files.pythonhosted.org/packages/88/57/7e7e39f2619c8f74a22efb9a4c4eff32b09d3798335625a124436d121d89/mypy-1.11.2-cp311-cp311-manylinux_2_17_x86_64.manylinux2014_x86_64.manylinux_2_28_x86_64.whl", hash = "sha256:cd953f221ac1379050a8a646585a29574488974f79d8082cedef62744f0a0104", size = 12416659 },
    { url = "https://files.pythonhosted.org/packages/fc/a6/37f7544666b63a27e46c48f49caeee388bf3ce95f9c570eb5cfba5234405/mypy-1.11.2-cp311-cp311-musllinux_1_1_x86_64.whl", hash = "sha256:57555a7715c0a34421013144a33d280e73c08df70f3a18a552938587ce9274f4", size = 12897010 },
    { url = "https://files.pythonhosted.org/packages/84/8b/459a513badc4d34acb31c736a0101c22d2bd0697b969796ad93294165cfb/mypy-1.11.2-cp311-cp311-win_amd64.whl", hash = "sha256:36383a4fcbad95f2657642a07ba22ff797de26277158f1cc7bd234821468b1b6", size = 9562873 },
    { url = "https://files.pythonhosted.org/packages/35/3a/ed7b12ecc3f6db2f664ccf85cb2e004d3e90bec928e9d7be6aa2f16b7cdf/mypy-1.11.2-cp312-cp312-macosx_10_9_x86_64.whl", hash = "sha256:e8960dbbbf36906c5c0b7f4fbf2f0c7ffb20f4898e6a879fcf56a41a08b0d318", size = 10990335 },
    { url = "https://files.pythonhosted.org/packages/04/e4/1a9051e2ef10296d206519f1df13d2cc896aea39e8683302f89bf5792a59/mypy-1.11.2-cp312-cp312-macosx_11_0_arm64.whl", hash = "sha256:06d26c277962f3fb50e13044674aa10553981ae514288cb7d0a738f495550b36", size = 10007119 },
    { url = "https://files.pythonhosted.org/packages/f3/3c/350a9da895f8a7e87ade0028b962be0252d152e0c2fbaafa6f0658b4d0d4/mypy-1.11.2-cp312-cp312-manylinux_2_17_x86_64.manylinux2014_x86_64.manylinux_2_28_x86_64.whl", hash = "sha256:6e7184632d89d677973a14d00ae4d03214c8bc301ceefcdaf5c474866814c987", size = 12506856 },
    { url = "https://files.pythonhosted.org/packages/b6/49/ee5adf6a49ff13f4202d949544d3d08abb0ea1f3e7f2a6d5b4c10ba0360a/mypy-1.11.2-cp312-cp312-musllinux_1_1_x86_64.whl", hash = "sha256:3a66169b92452f72117e2da3a576087025449018afc2d8e9bfe5ffab865709ca", size = 12952066 },
    { url = "https://files.pythonhosted.org/packages/27/c0/b19d709a42b24004d720db37446a42abadf844d5c46a2c442e2a074d70d9/mypy-1.11.2-cp312-cp312-win_amd64.whl", hash = "sha256:969ea3ef09617aff826885a22ece0ddef69d95852cdad2f60c8bb06bf1f71f70", size = 9664000 },
    { url = "https://files.pythonhosted.org/packages/42/3a/bdf730640ac523229dd6578e8a581795720a9321399de494374afc437ec5/mypy-1.11.2-py3-none-any.whl", hash = "sha256:b499bc07dbdcd3de92b0a8b29fdf592c111276f6a12fe29c30f6c417dd546d12", size = 2619625 },
]

[[package]]
name = "mypy-extensions"
version = "1.0.0"
source = { registry = "https://pypi.org/simple" }
sdist = { url = "https://files.pythonhosted.org/packages/98/a4/1ab47638b92648243faf97a5aeb6ea83059cc3624972ab6b8d2316078d3f/mypy_extensions-1.0.0.tar.gz", hash = "sha256:75dbf8955dc00442a438fc4d0666508a9a97b6bd41aa2f0ffe9d2f2725af0782", size = 4433 }
wheels = [
    { url = "https://files.pythonhosted.org/packages/2a/e2/5d3f6ada4297caebe1a2add3b126fe800c96f56dbe5d1988a2cbe0b267aa/mypy_extensions-1.0.0-py3-none-any.whl", hash = "sha256:4392f6c0eb8a5668a69e23d168ffa70f0be9ccfd32b5cc2d26a34ae5b844552d", size = 4695 },
]

[[package]]
name = "packaging"
version = "24.1"
source = { registry = "https://pypi.org/simple" }
sdist = { url = "https://files.pythonhosted.org/packages/51/65/50db4dda066951078f0a96cf12f4b9ada6e4b811516bf0262c0f4f7064d4/packaging-24.1.tar.gz", hash = "sha256:026ed72c8ed3fcce5bf8950572258698927fd1dbda10a5e981cdf0ac37f4f002", size = 148788 }
wheels = [
    { url = "https://files.pythonhosted.org/packages/08/aa/cc0199a5f0ad350994d660967a8efb233fe0416e4639146c089643407ce6/packaging-24.1-py3-none-any.whl", hash = "sha256:5b8f2217dbdbd2f7f384c41c628544e6d52f2d0f53c6d0c3ea61aa5d1d7ff124", size = 53985 },
]

[[package]]
name = "pathspec"
version = "0.12.1"
source = { registry = "https://pypi.org/simple" }
sdist = { url = "https://files.pythonhosted.org/packages/ca/bc/f35b8446f4531a7cb215605d100cd88b7ac6f44ab3fc94870c120ab3adbf/pathspec-0.12.1.tar.gz", hash = "sha256:a482d51503a1ab33b1c67a6c3813a26953dbdc71c31dacaef9a838c4e29f5712", size = 51043 }
wheels = [
    { url = "https://files.pythonhosted.org/packages/cc/20/ff623b09d963f88bfde16306a54e12ee5ea43e9b597108672ff3a408aad6/pathspec-0.12.1-py3-none-any.whl", hash = "sha256:a0d503e138a4c123b27490a4f7beda6a01c6f288df0e4a8b79c7eb0dc7b4cc08", size = 31191 },
]

[[package]]
name = "platformdirs"
version = "4.3.6"
source = { registry = "https://pypi.org/simple" }
sdist = { url = "https://files.pythonhosted.org/packages/13/fc/128cc9cb8f03208bdbf93d3aa862e16d376844a14f9a0ce5cf4507372de4/platformdirs-4.3.6.tar.gz", hash = "sha256:357fb2acbc885b0419afd3ce3ed34564c13c9b95c89360cd9563f73aa5e2b907", size = 21302 }
wheels = [
    { url = "https://files.pythonhosted.org/packages/3c/a6/bc1012356d8ece4d66dd75c4b9fc6c1f6650ddd5991e421177d9f8f671be/platformdirs-4.3.6-py3-none-any.whl", hash = "sha256:73e575e1408ab8103900836b97580d5307456908a03e92031bab39e4554cc3fb", size = 18439 },
]

[[package]]
name = "pluggy"
version = "1.5.0"
source = { registry = "https://pypi.org/simple" }
sdist = { url = "https://files.pythonhosted.org/packages/96/2d/02d4312c973c6050a18b314a5ad0b3210edb65a906f868e31c111dede4a6/pluggy-1.5.0.tar.gz", hash = "sha256:2cffa88e94fdc978c4c574f15f9e59b7f4201d439195c3715ca9e2486f1d0cf1", size = 67955 }
wheels = [
    { url = "https://files.pythonhosted.org/packages/88/5f/e351af9a41f866ac3f1fac4ca0613908d9a41741cfcf2228f4ad853b697d/pluggy-1.5.0-py3-none-any.whl", hash = "sha256:44e1ad92c8ca002de6377e165f3e0f1be63266ab4d554740532335b9d75ea669", size = 20556 },
]

[[package]]
name = "pytest"
version = "8.3.3"
source = { registry = "https://pypi.org/simple" }
dependencies = [
    { name = "colorama", marker = "sys_platform == 'win32'" },
    { name = "exceptiongroup", marker = "python_full_version < '3.11'" },
    { name = "iniconfig" },
    { name = "packaging" },
    { name = "pluggy" },
    { name = "tomli", marker = "python_full_version < '3.11'" },
]
sdist = { url = "https://files.pythonhosted.org/packages/8b/6c/62bbd536103af674e227c41a8f3dcd022d591f6eed5facb5a0f31ee33bbc/pytest-8.3.3.tar.gz", hash = "sha256:70b98107bd648308a7952b06e6ca9a50bc660be218d53c257cc1fc94fda10181", size = 1442487 }
wheels = [
    { url = "https://files.pythonhosted.org/packages/6b/77/7440a06a8ead44c7757a64362dd22df5760f9b12dc5f11b6188cd2fc27a0/pytest-8.3.3-py3-none-any.whl", hash = "sha256:a6853c7375b2663155079443d2e45de913a911a11d669df02a50814944db57b2", size = 342341 },
]

[[package]]
name = "pytest-mock"
version = "3.14.0"
source = { registry = "https://pypi.org/simple" }
dependencies = [
    { name = "pytest" },
]
sdist = { url = "https://files.pythonhosted.org/packages/c6/90/a955c3ab35ccd41ad4de556596fa86685bf4fc5ffcc62d22d856cfd4e29a/pytest-mock-3.14.0.tar.gz", hash = "sha256:2719255a1efeceadbc056d6bf3df3d1c5015530fb40cf347c0f9afac88410bd0", size = 32814 }
wheels = [
    { url = "https://files.pythonhosted.org/packages/f2/3b/b26f90f74e2986a82df6e7ac7e319b8ea7ccece1caec9f8ab6104dc70603/pytest_mock-3.14.0-py3-none-any.whl", hash = "sha256:0b72c38033392a5f4621342fe11e9219ac11ec9d375f8e2a0c164539e0d70f6f", size = 9863 },
]

[[package]]
name = "pytest-watcher"
version = "0.4.3"
source = { registry = "https://pypi.org/simple" }
dependencies = [
    { name = "tomli", marker = "python_full_version < '3.11'" },
    { name = "watchdog" },
]
sdist = { url = "https://files.pythonhosted.org/packages/72/72/a2a1e81f1b272ddd9a1848af4959c87c39aa95c0bbfb3007cacb86c47fa9/pytest_watcher-0.4.3.tar.gz", hash = "sha256:0cb0e4661648c8c0ff2b2d25efa5a8e421784b9e4c60fcecbf9b7c30b2d731b3", size = 10386 }
wheels = [
    { url = "https://files.pythonhosted.org/packages/5b/3a/c44a76c6bb5e9e896d9707fb1c704a31a0136950dec9514373ced0684d56/pytest_watcher-0.4.3-py3-none-any.whl", hash = "sha256:d59b1e1396f33a65ea4949b713d6884637755d641646960056a90b267c3460f9", size = 11852 },
]

[[package]]
name = "rasper-ducky"
version = "0.1.0"
source = { virtual = "." }

[package.dev-dependencies]
dev = [
    { name = "black" },
    { name = "circuitpython-stubs" },
    { name = "mypy" },
    { name = "pytest" },
    { name = "pytest-mock" },
    { name = "pytest-watcher" },
]

[package.metadata]

[package.metadata.requires-dev]
dev = [
    { name = "black", specifier = ">=24.10.0" },
    { name = "circuitpython-stubs", specifier = ">=9.1.4" },
    { name = "mypy", specifier = ">=1.11.2" },
    { name = "pytest", specifier = ">=8.3.3" },
    { name = "pytest-mock", specifier = ">=3.14.0" },
    { name = "pytest-watcher", specifier = ">=0.4.3" },
]

[[package]]
name = "tomli"
version = "2.0.2"
source = { registry = "https://pypi.org/simple" }
sdist = { url = "https://files.pythonhosted.org/packages/35/b9/de2a5c0144d7d75a57ff355c0c24054f965b2dc3036456ae03a51ea6264b/tomli-2.0.2.tar.gz", hash = "sha256:d46d457a85337051c36524bc5349dd91b1877838e2979ac5ced3e710ed8a60ed", size = 16096 }
wheels = [
    { url = "https://files.pythonhosted.org/packages/cf/db/ce8eda256fa131af12e0a76d481711abe4681b6923c27efb9a255c9e4594/tomli-2.0.2-py3-none-any.whl", hash = "sha256:2ebe24485c53d303f690b0ec092806a085f07af5a5aa1464f3931eec36caaa38", size = 13237 },
]

[[package]]
name = "typing-extensions"
version = "4.12.2"
source = { registry = "https://pypi.org/simple" }
sdist = { url = "https://files.pythonhosted.org/packages/df/db/f35a00659bc03fec321ba8bce9420de607a1d37f8342eee1863174c69557/typing_extensions-4.12.2.tar.gz", hash = "sha256:1a7ead55c7e559dd4dee8856e3a88b41225abfe1ce8df57b7c13915fe121ffb8", size = 85321 }
wheels = [
    { url = "https://files.pythonhosted.org/packages/26/9f/ad63fc0248c5379346306f8668cda6e2e2e9c95e01216d2b8ffd9ff037d0/typing_extensions-4.12.2-py3-none-any.whl", hash = "sha256:04e5ca0351e0f3f85c6853954072df659d0d13fac324d0072316b67d7794700d", size = 37438 },
]

[[package]]
name = "watchdog"
version = "5.0.3"
source = { registry = "https://pypi.org/simple" }
sdist = { url = "https://files.pythonhosted.org/packages/a2/48/a86139aaeab2db0a2482676f64798d8ac4d2dbb457523f50ab37bf02ce2c/watchdog-5.0.3.tar.gz", hash = "sha256:108f42a7f0345042a854d4d0ad0834b741d421330d5f575b81cb27b883500176", size = 129556 }
wheels = [
    { url = "https://files.pythonhosted.org/packages/05/2b/dd2081aab6fc9e785c2eee7146d3c6de58e607f4e70049d715cd170cbf77/watchdog-5.0.3-cp310-cp310-macosx_10_9_universal2.whl", hash = "sha256:85527b882f3facda0579bce9d743ff7f10c3e1e0db0a0d0e28170a7d0e5ce2ea", size = 96652 },
    { url = "https://files.pythonhosted.org/packages/9e/4f/f643c0a720d16ef7316aea06a79b96e229e59df4e0d83bec5e12713c1f29/watchdog-5.0.3-cp310-cp310-macosx_10_9_x86_64.whl", hash = "sha256:53adf73dcdc0ef04f7735066b4a57a4cd3e49ef135daae41d77395f0b5b692cb", size = 88651 },
    { url = "https://files.pythonhosted.org/packages/2b/72/acb22067d1f18161914c9b1087c703d63638131a9fde78090da290663407/watchdog-5.0.3-cp310-cp310-macosx_11_0_arm64.whl", hash = "sha256:e25adddab85f674acac303cf1f5835951345a56c5f7f582987d266679979c75b", size = 89289 },
    { url = "https://files.pythonhosted.org/packages/70/34/946f08602f8b8e6af45bc725e4a8013975a34883ab5570bd0d827a4c9829/watchdog-5.0.3-cp311-cp311-macosx_10_9_universal2.whl", hash = "sha256:f01f4a3565a387080dc49bdd1fefe4ecc77f894991b88ef927edbfa45eb10818", size = 96650 },
    { url = "https://files.pythonhosted.org/packages/96/2b/b84e35d49e8b0bad77e5d086fc1e2c6c833bbfe74d53144cfe8b26117eff/watchdog-5.0.3-cp311-cp311-macosx_10_9_x86_64.whl", hash = "sha256:91b522adc25614cdeaf91f7897800b82c13b4b8ac68a42ca959f992f6990c490", size = 88653 },
    { url = "https://files.pythonhosted.org/packages/d5/3f/41b5d77c10f450b79921c17b7d0b416616048867bfe63acaa072a619a0cb/watchdog-5.0.3-cp311-cp311-macosx_11_0_arm64.whl", hash = "sha256:d52db5beb5e476e6853da2e2d24dbbbed6797b449c8bf7ea118a4ee0d2c9040e", size = 89286 },
    { url = "https://files.pythonhosted.org/packages/1c/9b/8b206a928c188fdeb7b12e1c795199534cd44bdef223b8470129016009dd/watchdog-5.0.3-cp312-cp312-macosx_10_13_universal2.whl", hash = "sha256:94d11b07c64f63f49876e0ab8042ae034674c8653bfcdaa8c4b32e71cfff87e8", size = 96739 },
    { url = "https://files.pythonhosted.org/packages/e1/26/129ca9cd0f8016672f37000010c2fedc0b86816e894ebdc0af9bb04a6439/watchdog-5.0.3-cp312-cp312-macosx_10_13_x86_64.whl", hash = "sha256:349c9488e1d85d0a58e8cb14222d2c51cbc801ce11ac3936ab4c3af986536926", size = 88708 },
    { url = "https://files.pythonhosted.org/packages/8f/b3/5e10ec32f0c429cdb55b1369066d6e83faf9985b3a53a4e37bb5c5e29aa0/watchdog-5.0.3-cp312-cp312-macosx_11_0_arm64.whl", hash = "sha256:53a3f10b62c2d569e260f96e8d966463dec1a50fa4f1b22aec69e3f91025060e", size = 89309 },
    { url = "https://files.pythonhosted.org/packages/54/c4/49af4ab00bcfb688e9962eace2edda07a2cf89b9699ea536da48e8585cff/watchdog-5.0.3-cp313-cp313-macosx_10_13_universal2.whl", hash = "sha256:950f531ec6e03696a2414b6308f5c6ff9dab7821a768c9d5788b1314e9a46ca7", size = 96740 },
    { url = "https://files.pythonhosted.org/packages/96/a4/b24de77cc9ae424c1687c9d4fb15aa560d7d7b28ba559aca72f781d0202b/watchdog-5.0.3-cp313-cp313-macosx_10_13_x86_64.whl", hash = "sha256:ae6deb336cba5d71476caa029ceb6e88047fc1dc74b62b7c4012639c0b563906", size = 88711 },
    { url = "https://files.pythonhosted.org/packages/a4/71/3f2e9fe8403386b99d788868955b3a790f7a09721501a7e1eb58f514ffaa/watchdog-5.0.3-cp313-cp313-macosx_11_0_arm64.whl", hash = "sha256:1021223c08ba8d2d38d71ec1704496471ffd7be42cfb26b87cd5059323a389a1", size = 89319 },
    { url = "https://files.pythonhosted.org/packages/a2/d6/1d1ca81c75d903eca3fdb7061d93845485b58a5ba182d146843b88fc51c2/watchdog-5.0.3-pp310-pypy310_pp73-macosx_10_15_x86_64.whl", hash = "sha256:90a67d7857adb1d985aca232cc9905dd5bc4803ed85cfcdcfcf707e52049eda7", size = 88172 },
    { url = "https://files.pythonhosted.org/packages/47/bb/d5e0abcfd6d729029a24766682e062526db8b59e9ae0c94aff509e0fd2b9/watchdog-5.0.3-pp310-pypy310_pp73-macosx_11_0_arm64.whl", hash = "sha256:720ef9d3a4f9ca575a780af283c8fd3a0674b307651c1976714745090da5a9e8", size = 88644 },
    { url = "https://files.pythonhosted.org/packages/60/33/7cb71c9df9a77b6927ee5f48d25e1de5562ce0fa7e0c56dcf2b0472e64a2/watchdog-5.0.3-py3-none-manylinux2014_aarch64.whl", hash = "sha256:dd021efa85970bd4824acacbb922066159d0f9e546389a4743d56919b6758b91", size = 79335 },
    { url = "https://files.pythonhosted.org/packages/f6/91/320bc1496cf951a3cf93a7ffd18a581f0792c304be963d943e0e608c2919/watchdog-5.0.3-py3-none-manylinux2014_armv7l.whl", hash = "sha256:78864cc8f23dbee55be34cc1494632a7ba30263951b5b2e8fc8286b95845f82c", size = 79334 },
    { url = "https://files.pythonhosted.org/packages/8b/2c/567c5e042ed667d3544c43d48a65cf853450a2d2a9089d9523a65f195e94/watchdog-5.0.3-py3-none-manylinux2014_i686.whl", hash = "sha256:1e9679245e3ea6498494b3028b90c7b25dbb2abe65c7d07423ecfc2d6218ff7c", size = 79333 },
    { url = "https://files.pythonhosted.org/packages/c3/f0/64059fe162ef3274662e67bbdea6c45b3cd53e846d5bd1365fcdc3dc1d15/watchdog-5.0.3-py3-none-manylinux2014_ppc64.whl", hash = "sha256:9413384f26b5d050b6978e6fcd0c1e7f0539be7a4f1a885061473c5deaa57221", size = 79334 },
    { url = "https://files.pythonhosted.org/packages/f6/d9/19b7d02965be2801e2d0f6f4bde23e4ae172620071b65430fa0c2f8441ac/watchdog-5.0.3-py3-none-manylinux2014_ppc64le.whl", hash = "sha256:294b7a598974b8e2c6123d19ef15de9abcd282b0fbbdbc4d23dfa812959a9e05", size = 79333 },
    { url = "https://files.pythonhosted.org/packages/cb/a1/5393ac6d0b095d3a44946b09258e9b5f22cb2fb67bcfa419dd868478826c/watchdog-5.0.3-py3-none-manylinux2014_s390x.whl", hash = "sha256:26dd201857d702bdf9d78c273cafcab5871dd29343748524695cecffa44a8d97", size = 79332 },
    { url = "https://files.pythonhosted.org/packages/a0/58/edec25190b6403caf4426dd418234f2358a106634b7d6aa4aec6939b104f/watchdog-5.0.3-py3-none-manylinux2014_x86_64.whl", hash = "sha256:0f9332243355643d567697c3e3fa07330a1d1abf981611654a1f2bf2175612b7", size = 79334 },
    { url = "https://files.pythonhosted.org/packages/97/69/cfb2d17ba8aabc73be2e2d03c8c319b1f32053a02c4b571852983aa24ff2/watchdog-5.0.3-py3-none-win32.whl", hash = "sha256:c66f80ee5b602a9c7ab66e3c9f36026590a0902db3aea414d59a2f55188c1f49", size = 79320 },
    { url = "https://files.pythonhosted.org/packages/91/b4/2b5b59358dadfa2c8676322f955b6c22cde4937602f40490e2f7403e548e/watchdog-5.0.3-py3-none-win_amd64.whl", hash = "sha256:f00b4cf737f568be9665563347a910f8bdc76f88c2970121c86243c8cfdf90e9", size = 79325 },
    { url = "https://files.pythonhosted.org/packages/38/b8/0aa69337651b3005f161f7f494e59188a1d8d94171666900d26d29d10f69/watchdog-5.0.3-py3-none-win_ia64.whl", hash = "sha256:49f4d36cb315c25ea0d946e018c01bb028048023b9e103d3d3943f58e109dd45", size = 79324 },
]
